<?xml version="1.0" encoding="utf-8"?>
<Project ToolsVersion="4.0" xmlns="http://schemas.microsoft.com/developer/msbuild/2003">
  <ItemGroup>
    <Filter Include="Source Files">
      <UniqueIdentifier>{4332d147-b029-4b76-8d88-2941b5a758fd}</UniqueIdentifier>
    </Filter>
    <Filter Include="Include Files">
      <UniqueIdentifier>{baf3182b-95ad-4700-b67e-6a2a89be0c35}</UniqueIdentifier>
    </Filter>
  </ItemGroup>
  <ItemGroup>
    <ClCompile Include="Source Files\CharMap.c">
      <Filter>Source Files</Filter>
    </ClCompile>
    <ClCompile Include="Source Files\FileUtils.c">
      <Filter>Source Files</Filter>
    </ClCompile>
    <ClCompile Include="Source Files\MegaCartImageBuilder.c">
      <Filter>Source Files</Filter>
    </ClCompile>
    <ClCompile Include="Source Files\ZX7Compress.c">
      <Filter>Source Files</Filter>
    </ClCompile>
    <ClCompile Include="Source Files\ZX7Optimize.c">
      <Filter>Source Files</Filter>
    </ClCompile>
    <ClCompile Include="Source Files\megacart_decomp_loader.c">
      <Filter>Source Files</Filter>
    </ClCompile>
    <ClCompile Include="Source Files\megacart_loader.c">
      <Filter>Source Files</Filter>
    </ClCompile>
    <ClCompile Include="Source Files\multicart_decomp_loader.c">
      <Filter>Source Files</Filter>
    </ClCompile>
    <ClCompile Include="Source Files\multicart_loader.c">
      <Filter>Source Files</Filter>
    </ClCompile>
  </ItemGroup>
  <ItemGroup>
    <ClInclude Include="Include Files\CASFile.h">
      <Filter>Include Files</Filter>
    </ClInclude>
    <ClInclude Include="Include Files\CharMap.h">
      <Filter>Include Files</Filter>
    </ClInclude>
    <ClInclude Include="Include Files\FileUtils.h">
      <Filter>Include Files</Filter>
    </ClInclude>
    <ClInclude Include="Include Files\ZX7Compress.h">
      <Filter>Include Files</Filter>
    </ClInclude>
  </ItemGroup>
</Project>